// !$*UTF8*$!
{
	archiveVersion = 1;
	classes = {
	};
	objectVersion = 56;
	objects = {

/* Begin PBXBuildFile section */
		0AAB1E412CB6855E0080171B /* APIManager.swift in Sources */ = {isa = PBXBuildFile; fileRef = 0AAB1DED2CB6855E0080171B /* APIManager.swift */; };
		0AAB1E422CB6855E0080171B /* APIManagerProtocols.swift in Sources */ = {isa = PBXBuildFile; fileRef = 0AAB1DEE2CB6855E0080171B /* APIManagerProtocols.swift */; };
		0AAB1E432CB6855E0080171B /* PaymentAPIManager+Extensions.swift in Sources */ = {isa = PBXBuildFile; fileRef = 0AAB1DEF2CB6855E0080171B /* PaymentAPIManager+Extensions.swift */; };
		0AAB1E442CB6855E0080171B /* AppConstant.swift in Sources */ = {isa = PBXBuildFile; fileRef = 0AAB1DF12CB6855E0080171B /* AppConstant.swift */; };
		0AAB1E452CB6855E0080171B /* uInterfaceSDK.docc in Sources */ = {isa = PBXBuildFile; fileRef = 0AAB1DF32CB6855E0080171B /* uInterfaceSDK.docc */; };
		0AAB1E462CB6855E0080171B /* Encodable+JSON.swift in Sources */ = {isa = PBXBuildFile; fileRef = 0AAB1DF72CB6855E0080171B /* Encodable+JSON.swift */; };
		0AAB1E472CB6855E0080171B /* String+Addition.swift in Sources */ = {isa = PBXBuildFile; fileRef = 0AAB1DF82CB6855E0080171B /* String+Addition.swift */; };
		0AAB1E482CB6855E0080171B /* PaymentGateway.swift in Sources */ = {isa = PBXBuildFile; fileRef = 0AAB1DFA2CB6855E0080171B /* PaymentGateway.swift */; };
		0AAB1E492CB6855E0080171B /* SecretsManager.swift in Sources */ = {isa = PBXBuildFile; fileRef = 0AAB1DFB2CB6855E0080171B /* SecretsManager.swift */; };
		0AAB1E4A2CB6855E0080171B /* UseCase.swift in Sources */ = {isa = PBXBuildFile; fileRef = 0AAB1DFC2CB6855E0080171B /* UseCase.swift */; };
		0AAB1E4B2CB6855E0080171B /* CardInfoModel.swift in Sources */ = {isa = PBXBuildFile; fileRef = 0AAB1DFE2CB6855E0080171B /* CardInfoModel.swift */; };
		0AAB1E4C2CB6855E0080171B /* CardRequestModel.swift in Sources */ = {isa = PBXBuildFile; fileRef = 0AAB1DFF2CB6855E0080171B /* CardRequestModel.swift */; };
		0AAB1E4D2CB6855E0080171B /* CardTransactionModel.swift in Sources */ = {isa = PBXBuildFile; fileRef = 0AAB1E002CB6855E0080171B /* CardTransactionModel.swift */; };
		0AAB1E4E2CB6855E0080171B /* CardUsageInfoModel.swift in Sources */ = {isa = PBXBuildFile; fileRef = 0AAB1E012CB6855E0080171B /* CardUsageInfoModel.swift */; };
		0AAB1E4F2CB6855E0080171B /* ProvidedCardInfoModel.swift in Sources */ = {isa = PBXBuildFile; fileRef = 0AAB1E022CB6855E0080171B /* ProvidedCardInfoModel.swift */; };
		0AAB1E502CB6855E0080171B /* SourceOfFundsInfoModel.swift in Sources */ = {isa = PBXBuildFile; fileRef = 0AAB1E032CB6855E0080171B /* SourceOfFundsInfoModel.swift */; };
		0AAB1E512CB6855E0080171B /* CardDetailsModel.swift in Sources */ = {isa = PBXBuildFile; fileRef = 0AAB1E052CB6855E0080171B /* CardDetailsModel.swift */; };
		0AAB1E522CB6855E0080171B /* CardExpiryDetailsModel.swift in Sources */ = {isa = PBXBuildFile; fileRef = 0AAB1E062CB6855E0080171B /* CardExpiryDetailsModel.swift */; };
		0AAB1E532CB6855E0080171B /* AddCardResponseModel.swift in Sources */ = {isa = PBXBuildFile; fileRef = 0AAB1E082CB6855E0080171B /* AddCardResponseModel.swift */; };
		0AAB1E542CB6855E0080171B /* CardDataResponseModel.swift in Sources */ = {isa = PBXBuildFile; fileRef = 0AAB1E092CB6855E0080171B /* CardDataResponseModel.swift */; };
		0AAB1E552CB6855E0080171B /* GatewayResponseModel.swift in Sources */ = {isa = PBXBuildFile; fileRef = 0AAB1E0A2CB6855E0080171B /* GatewayResponseModel.swift */; };
		0AAB1E562CB6855E0080171B /* CardDataModel.swift in Sources */ = {isa = PBXBuildFile; fileRef = 0AAB1E0C2CB6855E0080171B /* CardDataModel.swift */; };
		0AAB1E572CB6855E0080171B /* RetrieveCardResponseModel.swift in Sources */ = {isa = PBXBuildFile; fileRef = 0AAB1E0D2CB6855E0080171B /* RetrieveCardResponseModel.swift */; };
		0AAB1E582CB6855E0080171B /* PaymentCardModel.swift in Sources */ = {isa = PBXBuildFile; fileRef = 0AAB1E0F2CB6855E0080171B /* PaymentCardModel.swift */; };
		0AAB1E592CB6855E0080171B /* CustomerTokenRequestModel.swift in Sources */ = {isa = PBXBuildFile; fileRef = 0AAB1E112CB6855E0080171B /* CustomerTokenRequestModel.swift */; };
		0AAB1E5A2CB6855E0080171B /* CustomerTokenResponseModel.swift in Sources */ = {isa = PBXBuildFile; fileRef = 0AAB1E122CB6855E0080171B /* CustomerTokenResponseModel.swift */; };
		0AAB1E5B2CB6855E0080171B /* InvoiceCreationDetailsModel.swift in Sources */ = {isa = PBXBuildFile; fileRef = 0AAB1E142CB6855E0080171B /* InvoiceCreationDetailsModel.swift */; };
		0AAB1E5C2CB6855E0080171B /* InvoiceCreationModel.swift in Sources */ = {isa = PBXBuildFile; fileRef = 0AAB1E152CB6855E0080171B /* InvoiceCreationModel.swift */; };
		0AAB1E5D2CB6855E0080171B /* MerchantCustomerModel.swift in Sources */ = {isa = PBXBuildFile; fileRef = 0AAB1E172CB6855E0080171B /* MerchantCustomerModel.swift */; };
		0AAB1E5E2CB6855E0080171B /* PaymentButtonDataModel.swift in Sources */ = {isa = PBXBuildFile; fileRef = 0AAB1E192CB6855E0080171B /* PaymentButtonDataModel.swift */; };
		0AAB1E5F2CB6855E0080171B /* PaymentButtonStatusModel.swift in Sources */ = {isa = PBXBuildFile; fileRef = 0AAB1E1A2CB6855E0080171B /* PaymentButtonStatusModel.swift */; };
		0AAB1E602CB6855E0080171B /* BrowserDetailsModel.swift in Sources */ = {isa = PBXBuildFile; fileRef = 0AAB1E1C2CB6855E0080171B /* BrowserDetailsModel.swift */; };
		0AAB1E612CB6855E0080171B /* CustomerModel.swift in Sources */ = {isa = PBXBuildFile; fileRef = 0AAB1E1D2CB6855E0080171B /* CustomerModel.swift */; };
		0AAB1E622CB6855E0080171B /* DeviceModel.swift in Sources */ = {isa = PBXBuildFile; fileRef = 0AAB1E1E2CB6855E0080171B /* DeviceModel.swift */; };
		0AAB1E632CB6855E0080171B /* MerchantMoreInfoModel.swift in Sources */ = {isa = PBXBuildFile; fileRef = 0AAB1E1F2CB6855E0080171B /* MerchantMoreInfoModel.swift */; };
		0AAB1E642CB6855E0080171B /* OrderModel.swift in Sources */ = {isa = PBXBuildFile; fileRef = 0AAB1E202CB6855E0080171B /* OrderModel.swift */; };
		0AAB1E652CB6855E0080171B /* PaymentGatewayModel.swift in Sources */ = {isa = PBXBuildFile; fileRef = 0AAB1E212CB6855E0080171B /* PaymentGatewayModel.swift */; };
		0AAB1E662CB6855E0080171B /* PaymentRequestModel.swift in Sources */ = {isa = PBXBuildFile; fileRef = 0AAB1E222CB6855E0080171B /* PaymentRequestModel.swift */; };
		0AAB1E672CB6855E0080171B /* PluginModel.swift in Sources */ = {isa = PBXBuildFile; fileRef = 0AAB1E232CB6855E0080171B /* PluginModel.swift */; };
		0AAB1E682CB6855E0080171B /* ProductModel.swift in Sources */ = {isa = PBXBuildFile; fileRef = 0AAB1E242CB6855E0080171B /* ProductModel.swift */; };
		0AAB1E692CB6855E0080171B /* ReferenceModel.swift in Sources */ = {isa = PBXBuildFile; fileRef = 0AAB1E252CB6855E0080171B /* ReferenceModel.swift */; };
		0AAB1E6A2CB6855E0080171B /* TokenModel.swift in Sources */ = {isa = PBXBuildFile; fileRef = 0AAB1E262CB6855E0080171B /* TokenModel.swift */; };
		0AAB1E6B2CB6855E0080171B /* PaymentDetailsModel.swift in Sources */ = {isa = PBXBuildFile; fileRef = 0AAB1E282CB6855E0080171B /* PaymentDetailsModel.swift */; };
		0AAB1E6C2CB6855E0080171B /* PaymentResponseModel.swift in Sources */ = {isa = PBXBuildFile; fileRef = 0AAB1E292CB6855E0080171B /* PaymentResponseModel.swift */; };
		0AAB1E6D2CB6855E0080171B /* PaymentStatusDataModel.swift in Sources */ = {isa = PBXBuildFile; fileRef = 0AAB1E2B2CB6855E0080171B /* PaymentStatusDataModel.swift */; };
		0AAB1E6E2CB6855E0080171B /* PaymentStatusResponseModel.swift in Sources */ = {isa = PBXBuildFile; fileRef = 0AAB1E2C2CB6855E0080171B /* PaymentStatusResponseModel.swift */; };
		0AAB1E6F2CB6855E0080171B /* PaymentTransactionModel.swift in Sources */ = {isa = PBXBuildFile; fileRef = 0AAB1E2D2CB6855E0080171B /* PaymentTransactionModel.swift */; };
		0AAB1E702CB6855E0080171B /* PaymentDetailModel.swift in Sources */ = {isa = PBXBuildFile; fileRef = 0AAB1E2F2CB6855E0080171B /* PaymentDetailModel.swift */; };
		0AAB1E712CB6855E0080171B /* TransactionDetailsModel.swift in Sources */ = {isa = PBXBuildFile; fileRef = 0AAB1E302CB6855E0080171B /* TransactionDetailsModel.swift */; };
		0AAB1E722CB6855E0080171B /* MultiVendorRefundRequestModel.swift in Sources */ = {isa = PBXBuildFile; fileRef = 0AAB1E332CB6855E0080171B /* MultiVendorRefundRequestModel.swift */; };
		0AAB1E732CB6855E0080171B /* RefundRequestModel.swift in Sources */ = {isa = PBXBuildFile; fileRef = 0AAB1E342CB6855E0080171B /* RefundRequestModel.swift */; };
		0AAB1E742CB6855E0080171B /* RefundResponseModel.swift in Sources */ = {isa = PBXBuildFile; fileRef = 0AAB1E352CB6855E0080171B /* RefundResponseModel.swift */; };
		0AAB1E752CB6855E0080171B /* ApprovedKeysModel.swift in Sources */ = {isa = PBXBuildFile; fileRef = 0AAB1E372CB6855E0080171B /* ApprovedKeysModel.swift */; };
		0AAB1E762CB6855E0080171B /* NetworkError.swift in Sources */ = {isa = PBXBuildFile; fileRef = 0AAB1E392CB6855E0080171B /* NetworkError.swift */; };
		0AAB1E772CB6855E0080171B /* NetworkManager.swift in Sources */ = {isa = PBXBuildFile; fileRef = 0AAB1E3A2CB6855E0080171B /* NetworkManager.swift */; };
		0AAB1E782CB6855E0080171B /* AddCardWebViewController.swift in Sources */ = {isa = PBXBuildFile; fileRef = 0AAB1E3C2CB6855E0080171B /* AddCardWebViewController.swift */; };
		0AAB1E792CB6855E0080171B /* PaymentWebViewController.swift in Sources */ = {isa = PBXBuildFile; fileRef = 0AAB1E3D2CB6855E0080171B /* PaymentWebViewController.swift */; };
		0AAB1E7A2CB6855E0080171B /* WebViewContainerView.swift in Sources */ = {isa = PBXBuildFile; fileRef = 0AAB1E3E2CB6855E0080171B /* WebViewContainerView.swift */; };
		CE8F8E322C91C5AE00A01EEE /* AppDelegate.swift in Sources */ = {isa = PBXBuildFile; fileRef = CE8F8E312C91C5AE00A01EEE /* AppDelegate.swift */; };
		CE8F8E342C91C5AE00A01EEE /* SceneDelegate.swift in Sources */ = {isa = PBXBuildFile; fileRef = CE8F8E332C91C5AE00A01EEE /* SceneDelegate.swift */; };
		CE8F8E362C91C5AE00A01EEE /* ViewController.swift in Sources */ = {isa = PBXBuildFile; fileRef = CE8F8E352C91C5AE00A01EEE /* ViewController.swift */; };
		CE8F8E392C91C5AE00A01EEE /* Main.storyboard in Resources */ = {isa = PBXBuildFile; fileRef = CE8F8E372C91C5AE00A01EEE /* Main.storyboard */; };
		CE8F8E3B2C91C5AF00A01EEE /* Assets.xcassets in Resources */ = {isa = PBXBuildFile; fileRef = CE8F8E3A2C91C5AF00A01EEE /* Assets.xcassets */; };
		CE8F8E3E2C91C5AF00A01EEE /* LaunchScreen.storyboard in Resources */ = {isa = PBXBuildFile; fileRef = CE8F8E3C2C91C5AF00A01EEE /* LaunchScreen.storyboard */; };
		CE8F8E712C91C77300A01EEE /* JSONUtilities.swift in Sources */ = {isa = PBXBuildFile; fileRef = CE8F8E6E2C91C77300A01EEE /* JSONUtilities.swift */; };
		CE8F8E742C91C78E00A01EEE /* UIViewController+Alerts.swift in Sources */ = {isa = PBXBuildFile; fileRef = CE8F8E732C91C78E00A01EEE /* UIViewController+Alerts.swift */; };
/* End PBXBuildFile section */

/* Begin PBXCopyFilesBuildPhase section */
		0A239E7C2C92F4FC0031153A /* Embed Frameworks */ = {
			isa = PBXCopyFilesBuildPhase;
			buildActionMask = 2147483647;
			dstPath = "";
			dstSubfolderSpec = 10;
			files = (
			);
			name = "Embed Frameworks";
			runOnlyForDeploymentPostprocessing = 0;
		};
/* End PBXCopyFilesBuildPhase section */

/* Begin PBXFileReference section */
		0AAB1DED2CB6855E0080171B /* APIManager.swift */ = {isa = PBXFileReference; fileEncoding = 4; lastKnownFileType = sourcecode.swift; path = APIManager.swift; sourceTree = "<group>"; };
		0AAB1DEE2CB6855E0080171B /* APIManagerProtocols.swift */ = {isa = PBXFileReference; fileEncoding = 4; lastKnownFileType = sourcecode.swift; path = APIManagerProtocols.swift; sourceTree = "<group>"; };
		0AAB1DEF2CB6855E0080171B /* PaymentAPIManager+Extensions.swift */ = {isa = PBXFileReference; fileEncoding = 4; lastKnownFileType = sourcecode.swift; path = "PaymentAPIManager+Extensions.swift"; sourceTree = "<group>"; };
		0AAB1DF12CB6855E0080171B /* AppConstant.swift */ = {isa = PBXFileReference; fileEncoding = 4; lastKnownFileType = sourcecode.swift; path = AppConstant.swift; sourceTree = "<group>"; };
		0AAB1DF32CB6855E0080171B /* uInterfaceSDK.docc */ = {isa = PBXFileReference; lastKnownFileType = folder.documentationcatalog; path = uInterfaceSDK.docc; sourceTree = "<group>"; };
		0AAB1DF52CB6855E0080171B /* uInterfaceSDK.h */ = {isa = PBXFileReference; fileEncoding = 4; lastKnownFileType = sourcecode.c.h; path = uInterfaceSDK.h; sourceTree = "<group>"; };
		0AAB1DF72CB6855E0080171B /* Encodable+JSON.swift */ = {isa = PBXFileReference; fileEncoding = 4; lastKnownFileType = sourcecode.swift; path = "Encodable+JSON.swift"; sourceTree = "<group>"; };
		0AAB1DF82CB6855E0080171B /* String+Addition.swift */ = {isa = PBXFileReference; fileEncoding = 4; lastKnownFileType = sourcecode.swift; path = "String+Addition.swift"; sourceTree = "<group>"; };
		0AAB1DFA2CB6855E0080171B /* PaymentGateway.swift */ = {isa = PBXFileReference; fileEncoding = 4; lastKnownFileType = sourcecode.swift; path = PaymentGateway.swift; sourceTree = "<group>"; };
		0AAB1DFB2CB6855E0080171B /* SecretsManager.swift */ = {isa = PBXFileReference; fileEncoding = 4; lastKnownFileType = sourcecode.swift; path = SecretsManager.swift; sourceTree = "<group>"; };
		0AAB1DFC2CB6855E0080171B /* UseCase.swift */ = {isa = PBXFileReference; fileEncoding = 4; lastKnownFileType = sourcecode.swift; path = UseCase.swift; sourceTree = "<group>"; };
		0AAB1DFE2CB6855E0080171B /* CardInfoModel.swift */ = {isa = PBXFileReference; fileEncoding = 4; lastKnownFileType = sourcecode.swift; path = CardInfoModel.swift; sourceTree = "<group>"; };
		0AAB1DFF2CB6855E0080171B /* CardRequestModel.swift */ = {isa = PBXFileReference; fileEncoding = 4; lastKnownFileType = sourcecode.swift; path = CardRequestModel.swift; sourceTree = "<group>"; };
		0AAB1E002CB6855E0080171B /* CardTransactionModel.swift */ = {isa = PBXFileReference; fileEncoding = 4; lastKnownFileType = sourcecode.swift; path = CardTransactionModel.swift; sourceTree = "<group>"; };
		0AAB1E012CB6855E0080171B /* CardUsageInfoModel.swift */ = {isa = PBXFileReference; fileEncoding = 4; lastKnownFileType = sourcecode.swift; path = CardUsageInfoModel.swift; sourceTree = "<group>"; };
		0AAB1E022CB6855E0080171B /* ProvidedCardInfoModel.swift */ = {isa = PBXFileReference; fileEncoding = 4; lastKnownFileType = sourcecode.swift; path = ProvidedCardInfoModel.swift; sourceTree = "<group>"; };
		0AAB1E032CB6855E0080171B /* SourceOfFundsInfoModel.swift */ = {isa = PBXFileReference; fileEncoding = 4; lastKnownFileType = sourcecode.swift; path = SourceOfFundsInfoModel.swift; sourceTree = "<group>"; };
		0AAB1E052CB6855E0080171B /* CardDetailsModel.swift */ = {isa = PBXFileReference; fileEncoding = 4; lastKnownFileType = sourcecode.swift; path = CardDetailsModel.swift; sourceTree = "<group>"; };
		0AAB1E062CB6855E0080171B /* CardExpiryDetailsModel.swift */ = {isa = PBXFileReference; fileEncoding = 4; lastKnownFileType = sourcecode.swift; path = CardExpiryDetailsModel.swift; sourceTree = "<group>"; };
		0AAB1E082CB6855E0080171B /* AddCardResponseModel.swift */ = {isa = PBXFileReference; fileEncoding = 4; lastKnownFileType = sourcecode.swift; path = AddCardResponseModel.swift; sourceTree = "<group>"; };
		0AAB1E092CB6855E0080171B /* CardDataResponseModel.swift */ = {isa = PBXFileReference; fileEncoding = 4; lastKnownFileType = sourcecode.swift; path = CardDataResponseModel.swift; sourceTree = "<group>"; };
		0AAB1E0A2CB6855E0080171B /* GatewayResponseModel.swift */ = {isa = PBXFileReference; fileEncoding = 4; lastKnownFileType = sourcecode.swift; path = GatewayResponseModel.swift; sourceTree = "<group>"; };
		0AAB1E0C2CB6855E0080171B /* CardDataModel.swift */ = {isa = PBXFileReference; fileEncoding = 4; lastKnownFileType = sourcecode.swift; path = CardDataModel.swift; sourceTree = "<group>"; };
		0AAB1E0D2CB6855E0080171B /* RetrieveCardResponseModel.swift */ = {isa = PBXFileReference; fileEncoding = 4; lastKnownFileType = sourcecode.swift; path = RetrieveCardResponseModel.swift; sourceTree = "<group>"; };
		0AAB1E0F2CB6855E0080171B /* PaymentCardModel.swift */ = {isa = PBXFileReference; fileEncoding = 4; lastKnownFileType = sourcecode.swift; path = PaymentCardModel.swift; sourceTree = "<group>"; };
		0AAB1E112CB6855E0080171B /* CustomerTokenRequestModel.swift */ = {isa = PBXFileReference; fileEncoding = 4; lastKnownFileType = sourcecode.swift; path = CustomerTokenRequestModel.swift; sourceTree = "<group>"; };
		0AAB1E122CB6855E0080171B /* CustomerTokenResponseModel.swift */ = {isa = PBXFileReference; fileEncoding = 4; lastKnownFileType = sourcecode.swift; path = CustomerTokenResponseModel.swift; sourceTree = "<group>"; };
		0AAB1E142CB6855E0080171B /* InvoiceCreationDetailsModel.swift */ = {isa = PBXFileReference; fileEncoding = 4; lastKnownFileType = sourcecode.swift; path = InvoiceCreationDetailsModel.swift; sourceTree = "<group>"; };
		0AAB1E152CB6855E0080171B /* InvoiceCreationModel.swift */ = {isa = PBXFileReference; fileEncoding = 4; lastKnownFileType = sourcecode.swift; path = InvoiceCreationModel.swift; sourceTree = "<group>"; };
		0AAB1E172CB6855E0080171B /* MerchantCustomerModel.swift */ = {isa = PBXFileReference; fileEncoding = 4; lastKnownFileType = sourcecode.swift; path = MerchantCustomerModel.swift; sourceTree = "<group>"; };
		0AAB1E192CB6855E0080171B /* PaymentButtonDataModel.swift */ = {isa = PBXFileReference; fileEncoding = 4; lastKnownFileType = sourcecode.swift; path = PaymentButtonDataModel.swift; sourceTree = "<group>"; };
		0AAB1E1A2CB6855E0080171B /* PaymentButtonStatusModel.swift */ = {isa = PBXFileReference; fileEncoding = 4; lastKnownFileType = sourcecode.swift; path = PaymentButtonStatusModel.swift; sourceTree = "<group>"; };
		0AAB1E1C2CB6855E0080171B /* BrowserDetailsModel.swift */ = {isa = PBXFileReference; fileEncoding = 4; lastKnownFileType = sourcecode.swift; path = BrowserDetailsModel.swift; sourceTree = "<group>"; };
		0AAB1E1D2CB6855E0080171B /* CustomerModel.swift */ = {isa = PBXFileReference; fileEncoding = 4; lastKnownFileType = sourcecode.swift; path = CustomerModel.swift; sourceTree = "<group>"; };
		0AAB1E1E2CB6855E0080171B /* DeviceModel.swift */ = {isa = PBXFileReference; fileEncoding = 4; lastKnownFileType = sourcecode.swift; path = DeviceModel.swift; sourceTree = "<group>"; };
		0AAB1E1F2CB6855E0080171B /* MerchantMoreInfoModel.swift */ = {isa = PBXFileReference; fileEncoding = 4; lastKnownFileType = sourcecode.swift; path = MerchantMoreInfoModel.swift; sourceTree = "<group>"; };
		0AAB1E202CB6855E0080171B /* OrderModel.swift */ = {isa = PBXFileReference; fileEncoding = 4; lastKnownFileType = sourcecode.swift; path = OrderModel.swift; sourceTree = "<group>"; };
		0AAB1E212CB6855E0080171B /* PaymentGatewayModel.swift */ = {isa = PBXFileReference; fileEncoding = 4; lastKnownFileType = sourcecode.swift; path = PaymentGatewayModel.swift; sourceTree = "<group>"; };
		0AAB1E222CB6855E0080171B /* PaymentRequestModel.swift */ = {isa = PBXFileReference; fileEncoding = 4; lastKnownFileType = sourcecode.swift; path = PaymentRequestModel.swift; sourceTree = "<group>"; };
		0AAB1E232CB6855E0080171B /* PluginModel.swift */ = {isa = PBXFileReference; fileEncoding = 4; lastKnownFileType = sourcecode.swift; path = PluginModel.swift; sourceTree = "<group>"; };
		0AAB1E242CB6855E0080171B /* ProductModel.swift */ = {isa = PBXFileReference; fileEncoding = 4; lastKnownFileType = sourcecode.swift; path = ProductModel.swift; sourceTree = "<group>"; };
		0AAB1E252CB6855E0080171B /* ReferenceModel.swift */ = {isa = PBXFileReference; fileEncoding = 4; lastKnownFileType = sourcecode.swift; path = ReferenceModel.swift; sourceTree = "<group>"; };
		0AAB1E262CB6855E0080171B /* TokenModel.swift */ = {isa = PBXFileReference; fileEncoding = 4; lastKnownFileType = sourcecode.swift; path = TokenModel.swift; sourceTree = "<group>"; };
		0AAB1E282CB6855E0080171B /* PaymentDetailsModel.swift */ = {isa = PBXFileReference; fileEncoding = 4; lastKnownFileType = sourcecode.swift; path = PaymentDetailsModel.swift; sourceTree = "<group>"; };
		0AAB1E292CB6855E0080171B /* PaymentResponseModel.swift */ = {isa = PBXFileReference; fileEncoding = 4; lastKnownFileType = sourcecode.swift; path = PaymentResponseModel.swift; sourceTree = "<group>"; };
		0AAB1E2B2CB6855E0080171B /* PaymentStatusDataModel.swift */ = {isa = PBXFileReference; fileEncoding = 4; lastKnownFileType = sourcecode.swift; path = PaymentStatusDataModel.swift; sourceTree = "<group>"; };
		0AAB1E2C2CB6855E0080171B /* PaymentStatusResponseModel.swift */ = {isa = PBXFileReference; fileEncoding = 4; lastKnownFileType = sourcecode.swift; path = PaymentStatusResponseModel.swift; sourceTree = "<group>"; };
		0AAB1E2D2CB6855E0080171B /* PaymentTransactionModel.swift */ = {isa = PBXFileReference; fileEncoding = 4; lastKnownFileType = sourcecode.swift; path = PaymentTransactionModel.swift; sourceTree = "<group>"; };
		0AAB1E2F2CB6855E0080171B /* PaymentDetailModel.swift */ = {isa = PBXFileReference; fileEncoding = 4; lastKnownFileType = sourcecode.swift; path = PaymentDetailModel.swift; sourceTree = "<group>"; };
		0AAB1E302CB6855E0080171B /* TransactionDetailsModel.swift */ = {isa = PBXFileReference; fileEncoding = 4; lastKnownFileType = sourcecode.swift; path = TransactionDetailsModel.swift; sourceTree = "<group>"; };
		0AAB1E332CB6855E0080171B /* MultiVendorRefundRequestModel.swift */ = {isa = PBXFileReference; fileEncoding = 4; lastKnownFileType = sourcecode.swift; path = MultiVendorRefundRequestModel.swift; sourceTree = "<group>"; };
		0AAB1E342CB6855E0080171B /* RefundRequestModel.swift */ = {isa = PBXFileReference; fileEncoding = 4; lastKnownFileType = sourcecode.swift; path = RefundRequestModel.swift; sourceTree = "<group>"; };
		0AAB1E352CB6855E0080171B /* RefundResponseModel.swift */ = {isa = PBXFileReference; fileEncoding = 4; lastKnownFileType = sourcecode.swift; path = RefundResponseModel.swift; sourceTree = "<group>"; };
		0AAB1E372CB6855E0080171B /* ApprovedKeysModel.swift */ = {isa = PBXFileReference; fileEncoding = 4; lastKnownFileType = sourcecode.swift; path = ApprovedKeysModel.swift; sourceTree = "<group>"; };
		0AAB1E392CB6855E0080171B /* NetworkError.swift */ = {isa = PBXFileReference; fileEncoding = 4; lastKnownFileType = sourcecode.swift; path = NetworkError.swift; sourceTree = "<group>"; };
		0AAB1E3A2CB6855E0080171B /* NetworkManager.swift */ = {isa = PBXFileReference; fileEncoding = 4; lastKnownFileType = sourcecode.swift; path = NetworkManager.swift; sourceTree = "<group>"; };
		0AAB1E3C2CB6855E0080171B /* AddCardWebViewController.swift */ = {isa = PBXFileReference; fileEncoding = 4; lastKnownFileType = sourcecode.swift; path = AddCardWebViewController.swift; sourceTree = "<group>"; };
		0AAB1E3D2CB6855E0080171B /* PaymentWebViewController.swift */ = {isa = PBXFileReference; fileEncoding = 4; lastKnownFileType = sourcecode.swift; path = PaymentWebViewController.swift; sourceTree = "<group>"; };
		0AAB1E3E2CB6855E0080171B /* WebViewContainerView.swift */ = {isa = PBXFileReference; fileEncoding = 4; lastKnownFileType = sourcecode.swift; path = WebViewContainerView.swift; sourceTree = "<group>"; };
		CE8F8E2E2C91C5AE00A01EEE /* UInterfaceIOS.app */ = {isa = PBXFileReference; explicitFileType = wrapper.application; includeInIndex = 0; path = UInterfaceIOS.app; sourceTree = BUILT_PRODUCTS_DIR; };
		CE8F8E312C91C5AE00A01EEE /* AppDelegate.swift */ = {isa = PBXFileReference; lastKnownFileType = sourcecode.swift; path = AppDelegate.swift; sourceTree = "<group>"; };
		CE8F8E332C91C5AE00A01EEE /* SceneDelegate.swift */ = {isa = PBXFileReference; lastKnownFileType = sourcecode.swift; path = SceneDelegate.swift; sourceTree = "<group>"; };
		CE8F8E352C91C5AE00A01EEE /* ViewController.swift */ = {isa = PBXFileReference; lastKnownFileType = sourcecode.swift; path = ViewController.swift; sourceTree = "<group>"; };
		CE8F8E382C91C5AE00A01EEE /* Base */ = {isa = PBXFileReference; lastKnownFileType = file.storyboard; name = Base; path = Base.lproj/Main.storyboard; sourceTree = "<group>"; };
		CE8F8E3A2C91C5AF00A01EEE /* Assets.xcassets */ = {isa = PBXFileReference; lastKnownFileType = folder.assetcatalog; path = Assets.xcassets; sourceTree = "<group>"; };
		CE8F8E3D2C91C5AF00A01EEE /* Base */ = {isa = PBXFileReference; lastKnownFileType = file.storyboard; name = Base; path = Base.lproj/LaunchScreen.storyboard; sourceTree = "<group>"; };
		CE8F8E3F2C91C5AF00A01EEE /* Info.plist */ = {isa = PBXFileReference; lastKnownFileType = text.plist.xml; path = Info.plist; sourceTree = "<group>"; };
		CE8F8E6E2C91C77300A01EEE /* JSONUtilities.swift */ = {isa = PBXFileReference; fileEncoding = 4; lastKnownFileType = sourcecode.swift; path = JSONUtilities.swift; sourceTree = "<group>"; };
		CE8F8E732C91C78E00A01EEE /* UIViewController+Alerts.swift */ = {isa = PBXFileReference; fileEncoding = 4; lastKnownFileType = sourcecode.swift; path = "UIViewController+Alerts.swift"; sourceTree = "<group>"; };
/* End PBXFileReference section */

/* Begin PBXFrameworksBuildPhase section */
		CE8F8E2B2C91C5AE00A01EEE /* Frameworks */ = {
			isa = PBXFrameworksBuildPhase;
			buildActionMask = 2147483647;
			files = (
			);
			runOnlyForDeploymentPostprocessing = 0;
		};
/* End PBXFrameworksBuildPhase section */

/* Begin PBXGroup section */
		0AAB1DF02CB6855E0080171B /* APIHandler */ = {
			isa = PBXGroup;
			children = (
				0AAB1DED2CB6855E0080171B /* APIManager.swift */,
				0AAB1DEE2CB6855E0080171B /* APIManagerProtocols.swift */,
				0AAB1DEF2CB6855E0080171B /* PaymentAPIManager+Extensions.swift */,
			);
			path = APIHandler;
			sourceTree = "<group>";
		};
		0AAB1DF22CB6855E0080171B /* AppConstant */ = {
			isa = PBXGroup;
			children = (
				0AAB1DF12CB6855E0080171B /* AppConstant.swift */,
			);
			path = AppConstant;
			sourceTree = "<group>";
		};
		0AAB1DF42CB6855E0080171B /* Documentation */ = {
			isa = PBXGroup;
			children = (
				0AAB1DF32CB6855E0080171B /* uInterfaceSDK.docc */,
			);
			path = Documentation;
			sourceTree = "<group>";
		};
		0AAB1DF62CB6855E0080171B /* Headers */ = {
			isa = PBXGroup;
			children = (
				0AAB1DF52CB6855E0080171B /* uInterfaceSDK.h */,
			);
			path = Headers;
			sourceTree = "<group>";
		};
		0AAB1DF92CB6855E0080171B /* Extension */ = {
			isa = PBXGroup;
			children = (
				0AAB1DF72CB6855E0080171B /* Encodable+JSON.swift */,
				0AAB1DF82CB6855E0080171B /* String+Addition.swift */,
			);
			path = Extension;
			sourceTree = "<group>";
		};
		0AAB1DFD2CB6855E0080171B /* Core */ = {
			isa = PBXGroup;
			children = (
				0AAB1DFA2CB6855E0080171B /* PaymentGateway.swift */,
				0AAB1DFB2CB6855E0080171B /* SecretsManager.swift */,
				0AAB1DFC2CB6855E0080171B /* UseCase.swift */,
			);
			path = Core;
			sourceTree = "<group>";
		};
		0AAB1E042CB6855E0080171B /* Common */ = {
			isa = PBXGroup;
			children = (
				0AAB1DFE2CB6855E0080171B /* CardInfoModel.swift */,
				0AAB1DFF2CB6855E0080171B /* CardRequestModel.swift */,
				0AAB1E002CB6855E0080171B /* CardTransactionModel.swift */,
				0AAB1E012CB6855E0080171B /* CardUsageInfoModel.swift */,
				0AAB1E022CB6855E0080171B /* ProvidedCardInfoModel.swift */,
				0AAB1E032CB6855E0080171B /* SourceOfFundsInfoModel.swift */,
			);
			path = Common;
			sourceTree = "<group>";
		};
		0AAB1E072CB6855E0080171B /* RequestCard */ = {
			isa = PBXGroup;
			children = (
				0AAB1E052CB6855E0080171B /* CardDetailsModel.swift */,
				0AAB1E062CB6855E0080171B /* CardExpiryDetailsModel.swift */,
			);
			path = RequestCard;
			sourceTree = "<group>";
		};
		0AAB1E0B2CB6855E0080171B /* ResponseCard */ = {
			isa = PBXGroup;
			children = (
				0AAB1E082CB6855E0080171B /* AddCardResponseModel.swift */,
				0AAB1E092CB6855E0080171B /* CardDataResponseModel.swift */,
				0AAB1E0A2CB6855E0080171B /* GatewayResponseModel.swift */,
			);
			path = ResponseCard;
			sourceTree = "<group>";
		};
		0AAB1E0E2CB6855E0080171B /* RetriveCard */ = {
			isa = PBXGroup;
			children = (
				0AAB1E0C2CB6855E0080171B /* CardDataModel.swift */,
				0AAB1E0D2CB6855E0080171B /* RetrieveCardResponseModel.swift */,
			);
			path = RetriveCard;
			sourceTree = "<group>";
		};
		0AAB1E102CB6855E0080171B /* Card */ = {
			isa = PBXGroup;
			children = (
				0AAB1E042CB6855E0080171B /* Common */,
				0AAB1E072CB6855E0080171B /* RequestCard */,
				0AAB1E0B2CB6855E0080171B /* ResponseCard */,
				0AAB1E0E2CB6855E0080171B /* RetriveCard */,
				0AAB1E0F2CB6855E0080171B /* PaymentCardModel.swift */,
			);
			path = Card;
			sourceTree = "<group>";
		};
		0AAB1E132CB6855E0080171B /* CustomerToken */ = {
			isa = PBXGroup;
			children = (
				0AAB1E112CB6855E0080171B /* CustomerTokenRequestModel.swift */,
				0AAB1E122CB6855E0080171B /* CustomerTokenResponseModel.swift */,
			);
			path = CustomerToken;
			sourceTree = "<group>";
		};
		0AAB1E162CB6855E0080171B /* Invoice */ = {
			isa = PBXGroup;
			children = (
				0AAB1E142CB6855E0080171B /* InvoiceCreationDetailsModel.swift */,
				0AAB1E152CB6855E0080171B /* InvoiceCreationModel.swift */,
			);
			path = Invoice;
			sourceTree = "<group>";
		};
		0AAB1E182CB6855E0080171B /* MerchantCustomer */ = {
			isa = PBXGroup;
			children = (
				0AAB1E172CB6855E0080171B /* MerchantCustomerModel.swift */,
			);
			path = MerchantCustomer;
			sourceTree = "<group>";
		};
		0AAB1E1B2CB6855E0080171B /* PaymentButtonStatus */ = {
			isa = PBXGroup;
			children = (
				0AAB1E192CB6855E0080171B /* PaymentButtonDataModel.swift */,
				0AAB1E1A2CB6855E0080171B /* PaymentButtonStatusModel.swift */,
			);
			path = PaymentButtonStatus;
			sourceTree = "<group>";
		};
		0AAB1E272CB6855E0080171B /* PaymentRequest */ = {
			isa = PBXGroup;
			children = (
				0AAB1E1C2CB6855E0080171B /* BrowserDetailsModel.swift */,
				0AAB1E1D2CB6855E0080171B /* CustomerModel.swift */,
				0AAB1E1E2CB6855E0080171B /* DeviceModel.swift */,
				0AAB1E1F2CB6855E0080171B /* MerchantMoreInfoModel.swift */,
				0AAB1E202CB6855E0080171B /* OrderModel.swift */,
				0AAB1E212CB6855E0080171B /* PaymentGatewayModel.swift */,
				0AAB1E222CB6855E0080171B /* PaymentRequestModel.swift */,
				0AAB1E232CB6855E0080171B /* PluginModel.swift */,
				0AAB1E242CB6855E0080171B /* ProductModel.swift */,
				0AAB1E252CB6855E0080171B /* ReferenceModel.swift */,
				0AAB1E262CB6855E0080171B /* TokenModel.swift */,
			);
			path = PaymentRequest;
			sourceTree = "<group>";
		};
		0AAB1E2A2CB6855E0080171B /* PaymentResponse */ = {
			isa = PBXGroup;
			children = (
				0AAB1E282CB6855E0080171B /* PaymentDetailsModel.swift */,
				0AAB1E292CB6855E0080171B /* PaymentResponseModel.swift */,
			);
			path = PaymentResponse;
			sourceTree = "<group>";
		};
		0AAB1E2E2CB6855E0080171B /* PaymentStatus */ = {
			isa = PBXGroup;
			children = (
				0AAB1E2B2CB6855E0080171B /* PaymentStatusDataModel.swift */,
				0AAB1E2C2CB6855E0080171B /* PaymentStatusResponseModel.swift */,
				0AAB1E2D2CB6855E0080171B /* PaymentTransactionModel.swift */,
			);
			path = PaymentStatus;
			sourceTree = "<group>";
		};
		0AAB1E312CB6855E0080171B /* PaymentTransaction */ = {
			isa = PBXGroup;
			children = (
				0AAB1E2F2CB6855E0080171B /* PaymentDetailModel.swift */,
				0AAB1E302CB6855E0080171B /* TransactionDetailsModel.swift */,
			);
			path = PaymentTransaction;
			sourceTree = "<group>";
		};
		0AAB1E322CB6855E0080171B /* Payment */ = {
			isa = PBXGroup;
			children = (
				0AAB1E1B2CB6855E0080171B /* PaymentButtonStatus */,
				0AAB1E272CB6855E0080171B /* PaymentRequest */,
				0AAB1E2A2CB6855E0080171B /* PaymentResponse */,
				0AAB1E2E2CB6855E0080171B /* PaymentStatus */,
				0AAB1E312CB6855E0080171B /* PaymentTransaction */,
			);
			path = Payment;
			sourceTree = "<group>";
		};
		0AAB1E362CB6855E0080171B /* Refund */ = {
			isa = PBXGroup;
			children = (
				0AAB1E332CB6855E0080171B /* MultiVendorRefundRequestModel.swift */,
				0AAB1E342CB6855E0080171B /* RefundRequestModel.swift */,
				0AAB1E352CB6855E0080171B /* RefundResponseModel.swift */,
			);
			path = Refund;
			sourceTree = "<group>";
		};
		0AAB1E382CB6855E0080171B /* Model */ = {
			isa = PBXGroup;
			children = (
				0AAB1E102CB6855E0080171B /* Card */,
				0AAB1E132CB6855E0080171B /* CustomerToken */,
				0AAB1E162CB6855E0080171B /* Invoice */,
				0AAB1E182CB6855E0080171B /* MerchantCustomer */,
				0AAB1E322CB6855E0080171B /* Payment */,
				0AAB1E362CB6855E0080171B /* Refund */,
				0AAB1E372CB6855E0080171B /* ApprovedKeysModel.swift */,
			);
			name = Model;
			path = ../../../../../Downloads/uInterfaceSDK/Model;
			sourceTree = "<group>";
		};
		0AAB1E3B2CB6855E0080171B /* NetworkManager */ = {
			isa = PBXGroup;
			children = (
				0AAB1E392CB6855E0080171B /* NetworkError.swift */,
				0AAB1E3A2CB6855E0080171B /* NetworkManager.swift */,
			);
			path = NetworkManager;
			sourceTree = "<group>";
		};
		0AAB1E3F2CB6855E0080171B /* WebViews */ = {
			isa = PBXGroup;
			children = (
				0AAB1E3C2CB6855E0080171B /* AddCardWebViewController.swift */,
				0AAB1E3D2CB6855E0080171B /* PaymentWebViewController.swift */,
				0AAB1E3E2CB6855E0080171B /* WebViewContainerView.swift */,
			);
			path = WebViews;
			sourceTree = "<group>";
		};
		0AAB1E402CB6855E0080171B /* UserInterface */ = {
			isa = PBXGroup;
			children = (
				0AAB1E3F2CB6855E0080171B /* WebViews */,
			);
			path = UserInterface;
			sourceTree = "<group>";
		};
		6406DFFDF7C7BCE43D005C46 /* Frameworks */ = {
			isa = PBXGroup;
			children = (
			);
			name = Frameworks;
			sourceTree = "<group>";
		};
		CE7FFBBD2C92B4BB00DAEAC0 /* SDK_Framework */ = {
			isa = PBXGroup;
			children = (
				0AAB1DF02CB6855E0080171B /* APIHandler */,
				0AAB1DF22CB6855E0080171B /* AppConstant */,
				0AAB1DFD2CB6855E0080171B /* Core */,
				0AAB1DF42CB6855E0080171B /* Documentation */,
				0AAB1DF92CB6855E0080171B /* Extension */,
				0AAB1DF62CB6855E0080171B /* Headers */,
				0AAB1E382CB6855E0080171B /* Model */,
				0AAB1E3B2CB6855E0080171B /* NetworkManager */,
				0AAB1E402CB6855E0080171B /* UserInterface */,
			);
			path = SDK_Framework;
			sourceTree = "<group>";
		};
		CE8F8E252C91C5AE00A01EEE = {
			isa = PBXGroup;
			children = (
				CE8F8E302C91C5AE00A01EEE /* UInterfaceIOS */,
				CE7FFBBD2C92B4BB00DAEAC0 /* SDK_Framework */,
				CE8F8E2F2C91C5AE00A01EEE /* Products */,
				6406DFFDF7C7BCE43D005C46 /* Frameworks */,
			);
			sourceTree = "<group>";
		};
		CE8F8E2F2C91C5AE00A01EEE /* Products */ = {
			isa = PBXGroup;
			children = (
				CE8F8E2E2C91C5AE00A01EEE /* UInterfaceIOS.app */,
			);
			name = Products;
			sourceTree = "<group>";
		};
		CE8F8E302C91C5AE00A01EEE /* UInterfaceIOS */ = {
			isa = PBXGroup;
			children = (
				CE8F8E312C91C5AE00A01EEE /* AppDelegate.swift */,
				CE8F8E332C91C5AE00A01EEE /* SceneDelegate.swift */,
				CE8F8E352C91C5AE00A01EEE /* ViewController.swift */,
				CE8F8E372C91C5AE00A01EEE /* Main.storyboard */,
				CE8F8E3C2C91C5AF00A01EEE /* LaunchScreen.storyboard */,
				CE8F8E3A2C91C5AF00A01EEE /* Assets.xcassets */,
				CE8F8E6D2C91C77300A01EEE /* Utilities */,
				CE8F8E722C91C78E00A01EEE /* Extensions */,
				CE8F8E3F2C91C5AF00A01EEE /* Info.plist */,
			);
			path = UInterfaceIOS;
			sourceTree = "<group>";
		};
		CE8F8E6D2C91C77300A01EEE /* Utilities */ = {
			isa = PBXGroup;
			children = (
				CE8F8E6E2C91C77300A01EEE /* JSONUtilities.swift */,
			);
			path = Utilities;
			sourceTree = "<group>";
		};
		CE8F8E722C91C78E00A01EEE /* Extensions */ = {
			isa = PBXGroup;
			children = (
				CE8F8E732C91C78E00A01EEE /* UIViewController+Alerts.swift */,
			);
			path = Extensions;
			sourceTree = "<group>";
		};
/* End PBXGroup section */

/* Begin PBXNativeTarget section */
		CE8F8E2D2C91C5AE00A01EEE /* UInterfaceIOS */ = {
			isa = PBXNativeTarget;
			buildConfigurationList = CE8F8E582C91C5B000A01EEE /* Build configuration list for PBXNativeTarget "UInterfaceIOS" */;
			buildPhases = (
				9DEDEE72FD5AADB6C6908A9D /* [CP] Check Pods Manifest.lock */,
				CE8F8E2A2C91C5AE00A01EEE /* Sources */,
				CE8F8E2B2C91C5AE00A01EEE /* Frameworks */,
				CE8F8E2C2C91C5AE00A01EEE /* Resources */,
				0A239E7C2C92F4FC0031153A /* Embed Frameworks */,
			);
			buildRules = (
			);
			dependencies = (
			);
			name = UInterfaceIOS;
			productName = UInterfaceIOS;
			productReference = CE8F8E2E2C91C5AE00A01EEE /* UInterfaceIOS.app */;
			productType = "com.apple.product-type.application";
		};
/* End PBXNativeTarget section */

/* Begin PBXProject section */
		CE8F8E262C91C5AE00A01EEE /* Project object */ = {
			isa = PBXProject;
			attributes = {
				BuildIndependentTargetsInParallel = 1;
				LastSwiftUpdateCheck = 1510;
				LastUpgradeCheck = 1510;
				TargetAttributes = {
					CE8F8E2D2C91C5AE00A01EEE = {
						CreatedOnToolsVersion = 15.1;
					};
				};
			};
			buildConfigurationList = CE8F8E292C91C5AE00A01EEE /* Build configuration list for PBXProject "UInterfaceIOS" */;
			compatibilityVersion = "Xcode 14.0";
			developmentRegion = en;
			hasScannedForEncodings = 0;
			knownRegions = (
				en,
				Base,
			);
			mainGroup = CE8F8E252C91C5AE00A01EEE;
			productRefGroup = CE8F8E2F2C91C5AE00A01EEE /* Products */;
			projectDirPath = "";
			projectRoot = "";
			targets = (
				CE8F8E2D2C91C5AE00A01EEE /* UInterfaceIOS */,
			);
		};
/* End PBXProject section */

/* Begin PBXResourcesBuildPhase section */
		CE8F8E2C2C91C5AE00A01EEE /* Resources */ = {
			isa = PBXResourcesBuildPhase;
			buildActionMask = 2147483647;
			files = (
				CE8F8E3E2C91C5AF00A01EEE /* LaunchScreen.storyboard in Resources */,
				CE8F8E3B2C91C5AF00A01EEE /* Assets.xcassets in Resources */,
				CE8F8E392C91C5AE00A01EEE /* Main.storyboard in Resources */,
			);
			runOnlyForDeploymentPostprocessing = 0;
		};
/* End PBXResourcesBuildPhase section */

/* Begin PBXShellScriptBuildPhase section */
		9DEDEE72FD5AADB6C6908A9D /* [CP] Check Pods Manifest.lock */ = {
			isa = PBXShellScriptBuildPhase;
			buildActionMask = 8;
			files = (
			);
			inputFileListPaths = (
			);
			inputPaths = (
				"${PODS_PODFILE_DIR_PATH}/Podfile.lock",
				"${PODS_ROOT}/Manifest.lock",
			);
			name = "[CP] Check Pods Manifest.lock";
			outputFileListPaths = (
			);
			outputPaths = (
				"$(DERIVED_FILE_DIR)/Pods-UInterfaceIOS-checkManifestLockResult.txt",
			);
			runOnlyForDeploymentPostprocessing = 1;
			shellPath = /bin/sh;
			shellScript = "diff \"${PODS_PODFILE_DIR_PATH}/Podfile.lock\" \"${PODS_ROOT}/Manifest.lock\" > /dev/null\nif [ $? != 0 ] ; then\n    # print error to STDERR\n    echo \"error: The sandbox is not in sync with the Podfile.lock. Run 'pod install' or update your CocoaPods installation.\" >&2\n    exit 1\nfi\n# This output is used by Xcode 'outputs' to avoid re-running this script phase.\necho \"SUCCESS\" > \"${SCRIPT_OUTPUT_FILE_0}\"\n";
			showEnvVarsInLog = 0;
		};
/* End PBXShellScriptBuildPhase section */

/* Begin PBXSourcesBuildPhase section */
		CE8F8E2A2C91C5AE00A01EEE /* Sources */ = {
			isa = PBXSourcesBuildPhase;
			buildActionMask = 2147483647;
			files = (
				0AAB1E752CB6855E0080171B /* ApprovedKeysModel.swift in Sources */,
				0AAB1E6D2CB6855E0080171B /* PaymentStatusDataModel.swift in Sources */,
				0AAB1E672CB6855E0080171B /* PluginModel.swift in Sources */,
				0AAB1E4A2CB6855E0080171B /* UseCase.swift in Sources */,
				0AAB1E552CB6855E0080171B /* GatewayResponseModel.swift in Sources */,
				0AAB1E4C2CB6855E0080171B /* CardRequestModel.swift in Sources */,
				0AAB1E682CB6855E0080171B /* ProductModel.swift in Sources */,
				0AAB1E442CB6855E0080171B /* AppConstant.swift in Sources */,
				0AAB1E422CB6855E0080171B /* APIManagerProtocols.swift in Sources */,
				0AAB1E412CB6855E0080171B /* APIManager.swift in Sources */,
				0AAB1E762CB6855E0080171B /* NetworkError.swift in Sources */,
				CE8F8E712C91C77300A01EEE /* JSONUtilities.swift in Sources */,
				0AAB1E772CB6855E0080171B /* NetworkManager.swift in Sources */,
				0AAB1E6B2CB6855E0080171B /* PaymentDetailsModel.swift in Sources */,
				0AAB1E562CB6855E0080171B /* CardDataModel.swift in Sources */,
				0AAB1E632CB6855E0080171B /* MerchantMoreInfoModel.swift in Sources */,
				0AAB1E4D2CB6855E0080171B /* CardTransactionModel.swift in Sources */,
				0AAB1E4B2CB6855E0080171B /* CardInfoModel.swift in Sources */,
				0AAB1E532CB6855E0080171B /* AddCardResponseModel.swift in Sources */,
				0AAB1E542CB6855E0080171B /* CardDataResponseModel.swift in Sources */,
				0AAB1E512CB6855E0080171B /* CardDetailsModel.swift in Sources */,
				0AAB1E722CB6855E0080171B /* MultiVendorRefundRequestModel.swift in Sources */,
				0AAB1E612CB6855E0080171B /* CustomerModel.swift in Sources */,
				0AAB1E712CB6855E0080171B /* TransactionDetailsModel.swift in Sources */,
				0AAB1E6A2CB6855E0080171B /* TokenModel.swift in Sources */,
				0AAB1E622CB6855E0080171B /* DeviceModel.swift in Sources */,
				0AAB1E5D2CB6855E0080171B /* MerchantCustomerModel.swift in Sources */,
				0AAB1E6E2CB6855E0080171B /* PaymentStatusResponseModel.swift in Sources */,
				CE8F8E362C91C5AE00A01EEE /* ViewController.swift in Sources */,
				0AAB1E572CB6855E0080171B /* RetrieveCardResponseModel.swift in Sources */,
				0AAB1E782CB6855E0080171B /* AddCardWebViewController.swift in Sources */,
				0AAB1E742CB6855E0080171B /* RefundResponseModel.swift in Sources */,
				0AAB1E592CB6855E0080171B /* CustomerTokenRequestModel.swift in Sources */,
				0AAB1E452CB6855E0080171B /* uInterfaceSDK.docc in Sources */,
				0AAB1E482CB6855E0080171B /* PaymentGateway.swift in Sources */,
				0AAB1E5E2CB6855E0080171B /* PaymentButtonDataModel.swift in Sources */,
				0AAB1E652CB6855E0080171B /* PaymentGatewayModel.swift in Sources */,
				0AAB1E5F2CB6855E0080171B /* PaymentButtonStatusModel.swift in Sources */,
				0AAB1E732CB6855E0080171B /* RefundRequestModel.swift in Sources */,
				0AAB1E502CB6855E0080171B /* SourceOfFundsInfoModel.swift in Sources */,
				0AAB1E472CB6855E0080171B /* String+Addition.swift in Sources */,
				0AAB1E4E2CB6855E0080171B /* CardUsageInfoModel.swift in Sources */,
				0AAB1E462CB6855E0080171B /* Encodable+JSON.swift in Sources */,
				0AAB1E6C2CB6855E0080171B /* PaymentResponseModel.swift in Sources */,
				0AAB1E4F2CB6855E0080171B /* ProvidedCardInfoModel.swift in Sources */,
				0AAB1E7A2CB6855E0080171B /* WebViewContainerView.swift in Sources */,
				0AAB1E642CB6855E0080171B /* OrderModel.swift in Sources */,
				0AAB1E792CB6855E0080171B /* PaymentWebViewController.swift in Sources */,
				0AAB1E492CB6855E0080171B /* SecretsManager.swift in Sources */,
				0AAB1E522CB6855E0080171B /* CardExpiryDetailsModel.swift in Sources */,
				CE8F8E322C91C5AE00A01EEE /* AppDelegate.swift in Sources */,
				CE8F8E742C91C78E00A01EEE /* UIViewController+Alerts.swift in Sources */,
				0AAB1E582CB6855E0080171B /* PaymentCardModel.swift in Sources */,
				CE8F8E342C91C5AE00A01EEE /* SceneDelegate.swift in Sources */,
				0AAB1E692CB6855E0080171B /* ReferenceModel.swift in Sources */,
				0AAB1E6F2CB6855E0080171B /* PaymentTransactionModel.swift in Sources */,
				0AAB1E432CB6855E0080171B /* PaymentAPIManager+Extensions.swift in Sources */,
				0AAB1E662CB6855E0080171B /* PaymentRequestModel.swift in Sources */,
				0AAB1E702CB6855E0080171B /* PaymentDetailModel.swift in Sources */,
				0AAB1E5A2CB6855E0080171B /* CustomerTokenResponseModel.swift in Sources */,
				0AAB1E5C2CB6855E0080171B /* InvoiceCreationModel.swift in Sources */,
				0AAB1E602CB6855E0080171B /* BrowserDetailsModel.swift in Sources */,
				0AAB1E5B2CB6855E0080171B /* InvoiceCreationDetailsModel.swift in Sources */,
			);
			runOnlyForDeploymentPostprocessing = 0;
		};
/* End PBXSourcesBuildPhase section */

/* Begin PBXVariantGroup section */
		CE8F8E372C91C5AE00A01EEE /* Main.storyboard */ = {
			isa = PBXVariantGroup;
			children = (
				CE8F8E382C91C5AE00A01EEE /* Base */,
			);
			name = Main.storyboard;
			sourceTree = "<group>";
		};
		CE8F8E3C2C91C5AF00A01EEE /* LaunchScreen.storyboard */ = {
			isa = PBXVariantGroup;
			children = (
				CE8F8E3D2C91C5AF00A01EEE /* Base */,
			);
			name = LaunchScreen.storyboard;
			sourceTree = "<group>";
		};
/* End PBXVariantGroup section */

/* Begin XCBuildConfiguration section */
		CE8F8E562C91C5B000A01EEE /* Debug */ = {
			isa = XCBuildConfiguration;
			buildSettings = {
				ALWAYS_SEARCH_USER_PATHS = NO;
				ASSETCATALOG_COMPILER_GENERATE_SWIFT_ASSET_SYMBOL_EXTENSIONS = YES;
				CLANG_ANALYZER_NONNULL = YES;
				CLANG_ANALYZER_NUMBER_OBJECT_CONVERSION = YES_AGGRESSIVE;
				CLANG_CXX_LANGUAGE_STANDARD = "gnu++20";
				CLANG_ENABLE_MODULES = YES;
				CLANG_ENABLE_OBJC_ARC = YES;
				CLANG_ENABLE_OBJC_WEAK = YES;
				CLANG_WARN_BLOCK_CAPTURE_AUTORELEASING = YES;
				CLANG_WARN_BOOL_CONVERSION = YES;
				CLANG_WARN_COMMA = YES;
				CLANG_WARN_CONSTANT_CONVERSION = YES;
				CLANG_WARN_DEPRECATED_OBJC_IMPLEMENTATIONS = YES;
				CLANG_WARN_DIRECT_OBJC_ISA_USAGE = YES_ERROR;
				CLANG_WARN_DOCUMENTATION_COMMENTS = YES;
				CLANG_WARN_EMPTY_BODY = YES;
				CLANG_WARN_ENUM_CONVERSION = YES;
				CLANG_WARN_INFINITE_RECURSION = YES;
				CLANG_WARN_INT_CONVERSION = YES;
				CLANG_WARN_NON_LITERAL_NULL_CONVERSION = YES;
				CLANG_WARN_OBJC_IMPLICIT_RETAIN_SELF = YES;
				CLANG_WARN_OBJC_LITERAL_CONVERSION = YES;
				CLANG_WARN_OBJC_ROOT_CLASS = YES_ERROR;
				CLANG_WARN_QUOTED_INCLUDE_IN_FRAMEWORK_HEADER = YES;
				CLANG_WARN_RANGE_LOOP_ANALYSIS = YES;
				CLANG_WARN_STRICT_PROTOTYPES = YES;
				CLANG_WARN_SUSPICIOUS_MOVE = YES;
				CLANG_WARN_UNGUARDED_AVAILABILITY = YES_AGGRESSIVE;
				CLANG_WARN_UNREACHABLE_CODE = YES;
				CLANG_WARN__DUPLICATE_METHOD_MATCH = YES;
				COPY_PHASE_STRIP = NO;
				DEBUG_INFORMATION_FORMAT = dwarf;
				ENABLE_STRICT_OBJC_MSGSEND = YES;
				ENABLE_TESTABILITY = YES;
				ENABLE_USER_SCRIPT_SANDBOXING = YES;
				GCC_C_LANGUAGE_STANDARD = gnu17;
				GCC_DYNAMIC_NO_PIC = NO;
				GCC_NO_COMMON_BLOCKS = YES;
				GCC_OPTIMIZATION_LEVEL = 0;
				GCC_PREPROCESSOR_DEFINITIONS = (
					"DEBUG=1",
					"$(inherited)",
				);
				GCC_WARN_64_TO_32_BIT_CONVERSION = YES;
				GCC_WARN_ABOUT_RETURN_TYPE = YES_ERROR;
				GCC_WARN_UNDECLARED_SELECTOR = YES;
				GCC_WARN_UNINITIALIZED_AUTOS = YES_AGGRESSIVE;
				GCC_WARN_UNUSED_FUNCTION = YES;
				GCC_WARN_UNUSED_VARIABLE = YES;
				IPHONEOS_DEPLOYMENT_TARGET = 17.2;
				LOCALIZATION_PREFERS_STRING_CATALOGS = YES;
				MTL_ENABLE_DEBUG_INFO = INCLUDE_SOURCE;
				MTL_FAST_MATH = YES;
				ONLY_ACTIVE_ARCH = YES;
				SDKROOT = iphoneos;
				SWIFT_ACTIVE_COMPILATION_CONDITIONS = "DEBUG $(inherited)";
				SWIFT_OPTIMIZATION_LEVEL = "-Onone";
			};
			name = Debug;
		};
		CE8F8E572C91C5B000A01EEE /* Release */ = {
			isa = XCBuildConfiguration;
			buildSettings = {
				ALWAYS_SEARCH_USER_PATHS = NO;
				ASSETCATALOG_COMPILER_GENERATE_SWIFT_ASSET_SYMBOL_EXTENSIONS = YES;
				CLANG_ANALYZER_NONNULL = YES;
				CLANG_ANALYZER_NUMBER_OBJECT_CONVERSION = YES_AGGRESSIVE;
				CLANG_CXX_LANGUAGE_STANDARD = "gnu++20";
				CLANG_ENABLE_MODULES = YES;
				CLANG_ENABLE_OBJC_ARC = YES;
				CLANG_ENABLE_OBJC_WEAK = YES;
				CLANG_WARN_BLOCK_CAPTURE_AUTORELEASING = YES;
				CLANG_WARN_BOOL_CONVERSION = YES;
				CLANG_WARN_COMMA = YES;
				CLANG_WARN_CONSTANT_CONVERSION = YES;
				CLANG_WARN_DEPRECATED_OBJC_IMPLEMENTATIONS = YES;
				CLANG_WARN_DIRECT_OBJC_ISA_USAGE = YES_ERROR;
				CLANG_WARN_DOCUMENTATION_COMMENTS = YES;
				CLANG_WARN_EMPTY_BODY = YES;
				CLANG_WARN_ENUM_CONVERSION = YES;
				CLANG_WARN_INFINITE_RECURSION = YES;
				CLANG_WARN_INT_CONVERSION = YES;
				CLANG_WARN_NON_LITERAL_NULL_CONVERSION = YES;
				CLANG_WARN_OBJC_IMPLICIT_RETAIN_SELF = YES;
				CLANG_WARN_OBJC_LITERAL_CONVERSION = YES;
				CLANG_WARN_OBJC_ROOT_CLASS = YES_ERROR;
				CLANG_WARN_QUOTED_INCLUDE_IN_FRAMEWORK_HEADER = YES;
				CLANG_WARN_RANGE_LOOP_ANALYSIS = YES;
				CLANG_WARN_STRICT_PROTOTYPES = YES;
				CLANG_WARN_SUSPICIOUS_MOVE = YES;
				CLANG_WARN_UNGUARDED_AVAILABILITY = YES_AGGRESSIVE;
				CLANG_WARN_UNREACHABLE_CODE = YES;
				CLANG_WARN__DUPLICATE_METHOD_MATCH = YES;
				COPY_PHASE_STRIP = NO;
				DEBUG_INFORMATION_FORMAT = "dwarf-with-dsym";
				ENABLE_NS_ASSERTIONS = NO;
				ENABLE_STRICT_OBJC_MSGSEND = YES;
				ENABLE_USER_SCRIPT_SANDBOXING = YES;
				GCC_C_LANGUAGE_STANDARD = gnu17;
				GCC_NO_COMMON_BLOCKS = YES;
				GCC_WARN_64_TO_32_BIT_CONVERSION = YES;
				GCC_WARN_ABOUT_RETURN_TYPE = YES_ERROR;
				GCC_WARN_UNDECLARED_SELECTOR = YES;
				GCC_WARN_UNINITIALIZED_AUTOS = YES_AGGRESSIVE;
				GCC_WARN_UNUSED_FUNCTION = YES;
				GCC_WARN_UNUSED_VARIABLE = YES;
				IPHONEOS_DEPLOYMENT_TARGET = 17.2;
				LOCALIZATION_PREFERS_STRING_CATALOGS = YES;
				MTL_ENABLE_DEBUG_INFO = NO;
				MTL_FAST_MATH = YES;
				SDKROOT = iphoneos;
				SWIFT_COMPILATION_MODE = wholemodule;
				VALIDATE_PRODUCT = YES;
			};
			name = Release;
		};
		CE8F8E592C91C5B000A01EEE /* Debug */ = {
			isa = XCBuildConfiguration;
			buildSettings = {
				ASSETCATALOG_COMPILER_APPICON_NAME = AppIcon;
				ASSETCATALOG_COMPILER_GLOBAL_ACCENT_COLOR_NAME = AccentColor;
				CODE_SIGN_STYLE = Automatic;
				CURRENT_PROJECT_VERSION = 1;
				DEVELOPMENT_TEAM = NS5BXHZ65H;
				ENABLE_USER_SCRIPT_SANDBOXING = NO;
				"EXCLUDED_ARCHS[sdk=iphonesimulator*]" = arm64;
				GENERATE_INFOPLIST_FILE = YES;
				INFOPLIST_FILE = UInterfaceIOS/Info.plist;
				INFOPLIST_KEY_UIApplicationSupportsIndirectInputEvents = YES;
				INFOPLIST_KEY_UILaunchStoryboardName = LaunchScreen;
				INFOPLIST_KEY_UIMainStoryboardFile = Main;
				INFOPLIST_KEY_UISupportedInterfaceOrientations_iPad = "UIInterfaceOrientationPortrait UIInterfaceOrientationPortraitUpsideDown UIInterfaceOrientationLandscapeLeft UIInterfaceOrientationLandscapeRight";
				INFOPLIST_KEY_UISupportedInterfaceOrientations_iPhone = "UIInterfaceOrientationPortrait UIInterfaceOrientationLandscapeLeft UIInterfaceOrientationLandscapeRight";
				IPHONEOS_DEPLOYMENT_TARGET = 13.0;
				LD_RUNPATH_SEARCH_PATHS = (
					"$(inherited)",
					"@executable_path/Frameworks",
				);
				MARKETING_VERSION = 1.0;
				PRODUCT_BUNDLE_IDENTIFIER = com.upayments.uinterfacesdk;
				PRODUCT_NAME = "$(TARGET_NAME)";
				SWIFT_EMIT_LOC_STRINGS = YES;
				SWIFT_VERSION = 5.0;
				TARGETED_DEVICE_FAMILY = "1,2";
			};
			name = Debug;
		};
		CE8F8E5A2C91C5B000A01EEE /* Release */ = {
			isa = XCBuildConfiguration;
			buildSettings = {
				ASSETCATALOG_COMPILER_APPICON_NAME = AppIcon;
				ASSETCATALOG_COMPILER_GLOBAL_ACCENT_COLOR_NAME = AccentColor;
				CODE_SIGN_STYLE = Automatic;
				CURRENT_PROJECT_VERSION = 1;
				DEVELOPMENT_TEAM = NS5BXHZ65H;
				ENABLE_USER_SCRIPT_SANDBOXING = NO;
				"EXCLUDED_ARCHS[sdk=iphonesimulator*]" = arm64;
				GENERATE_INFOPLIST_FILE = YES;
				INFOPLIST_FILE = UInterfaceIOS/Info.plist;
				INFOPLIST_KEY_UIApplicationSupportsIndirectInputEvents = YES;
				INFOPLIST_KEY_UILaunchStoryboardName = LaunchScreen;
				INFOPLIST_KEY_UIMainStoryboardFile = Main;
				INFOPLIST_KEY_UISupportedInterfaceOrientations_iPad = "UIInterfaceOrientationPortrait UIInterfaceOrientationPortraitUpsideDown UIInterfaceOrientationLandscapeLeft UIInterfaceOrientationLandscapeRight";
				INFOPLIST_KEY_UISupportedInterfaceOrientations_iPhone = "UIInterfaceOrientationPortrait UIInterfaceOrientationLandscapeLeft UIInterfaceOrientationLandscapeRight";
				IPHONEOS_DEPLOYMENT_TARGET = 13.0;
				LD_RUNPATH_SEARCH_PATHS = (
					"$(inherited)",
					"@executable_path/Frameworks",
				);
				MARKETING_VERSION = 1.0;
				PRODUCT_BUNDLE_IDENTIFIER = com.upayments.uinterfacesdk;
				PRODUCT_NAME = "$(TARGET_NAME)";
				SWIFT_EMIT_LOC_STRINGS = YES;
				SWIFT_VERSION = 5.0;
				TARGETED_DEVICE_FAMILY = "1,2";
			};
			name = Release;
		};
/* End XCBuildConfiguration section */

/* Begin XCConfigurationList section */
		CE8F8E292C91C5AE00A01EEE /* Build configuration list for PBXProject "UInterfaceIOS" */ = {
			isa = XCConfigurationList;
			buildConfigurations = (
				CE8F8E562C91C5B000A01EEE /* Debug */,
				CE8F8E572C91C5B000A01EEE /* Release */,
			);
			defaultConfigurationIsVisible = 0;
			defaultConfigurationName = Release;
		};
		CE8F8E582C91C5B000A01EEE /* Build configuration list for PBXNativeTarget "UInterfaceIOS" */ = {
			isa = XCConfigurationList;
			buildConfigurations = (
				CE8F8E592C91C5B000A01EEE /* Debug */,
				CE8F8E5A2C91C5B000A01EEE /* Release */,
			);
			defaultConfigurationIsVisible = 0;
			defaultConfigurationName = Release;
		};
/* End XCConfigurationList section */
	};
	rootObject = CE8F8E262C91C5AE00A01EEE /* Project object */;
}
